github.com/gorilla/websocket v1.5.3 h1:saDtZ6Pbx/0u+bgYQ3q96pZgCzfhKXGPqt7kZ72aNNg=
github.com/gorilla/websocket v1.5.3/go.mod h1:YR8l580nyteQvAITg2hZ9XVh4b55+EU/adAjf1fMHhE=
github.com/uhppoted/uhppote-core v0.8.10 h1:A5knaNVpYib10seqevKLWLrAlrgDtY8jMTir/vvhCZw=
github.com/uhppoted/uhppote-core v0.8.10/go.mod h1:oUQdz4NBMXkcwzEHUd6lYQgF6He32+jnb+FMwehZRwg=
